
Microsoft Visual Studio Solution File, Format Version 12.00
# Visual Studio Version 17
VisualStudioVersion = 17.2.32616.157
MinimumVisualStudioVersion = 10.0.40219.1
Project("{9A19103F-16F7-4668-BE54-9A1E7A4F7556}") = "MediBook", "MediBook\MediBook.csproj", "{7B028685-B877-497C-B75C-54FE8AA5E4ED}"
EndProject
Project("{E53339B2-1760-4266-BCC7-CA923CBCF16C}") = "docker-compose", "docker-compose.dcproj", "{ACC93F6F-E446-413A-AFFD-DC924BAFAC07}"
EndProject
Global
	GlobalSection(SolutionConfigurationPlatforms) = preSolution
		Debug|Any CPU = Debug|Any CPU
		Release|Any CPU = Release|Any CPU
	EndGlobalSection
	GlobalSection(ProjectConfigurationPlatforms) = postSolution
		{7B028685-B877-497C-B75C-54FE8AA5E4ED}.Debug|Any CPU.ActiveCfg = Debug|Any CPU
		{7B028685-B877-497C-B75C-54FE8AA5E4ED}.Debug|Any CPU.Build.0 = Debug|Any CPU
		{7B028685-B877-497C-B75C-54FE8AA5E4ED}.Release|Any CPU.ActiveCfg = Release|Any CPU
		{7B028685-B877-497C-B75C-54FE8AA5E4ED}.Release|Any CPU.Build.0 = Release|Any CPU
		{ACC93F6F-E446-413A-AFFD-DC924BAFAC07}.Debug|Any CPU.ActiveCfg = Debug|Any CPU
		{ACC93F6F-E446-413A-AFFD-DC924BAFAC07}.Debug|Any CPU.Build.0 = Debug|Any CPU
		{ACC93F6F-E446-413A-AFFD-DC924BAFAC07}.Release|Any CPU.ActiveCfg = Release|Any CPU
		{ACC93F6F-E446-413A-AFFD-DC924BAFAC07}.Release|Any CPU.Build.0 = Release|Any CPU
	EndGlobalSection
	GlobalSection(SolutionProperties) = preSolution
		HideSolutionNode = FALSE
	EndGlobalSection
	GlobalSection(ExtensibilityGlobals) = postSolution
		SolutionGuid = {D35E1C6D-0F61-477E-B473-764AC7EA8C3A}
	EndGlobalSection
EndGlobal
